
Microsoft Visual Studio Solution File, Format Version 12.00
# Visual Studio Version 17
VisualStudioVersion = 17.5.002.0
MinimumVisualStudioVersion = 10.0.40219.1
Project("{9A19103F-16F7-4668-BE54-9A1E7A4F7556}") = "Toma de datos", "Toma de datos.csproj", "{6CA6B155-C66B-431B-8DEE-C9E5135A104B}"
EndProject
Project("{FAE04EC0-301F-11D3-BF4B-00C04F79EFBC}") = "AdquisiciónFFT", "AdquisiciónFFT\AdquisiciónFFT.csproj", "{7A6F5C0C-BA55-4798-AA6B-A84E508FE75E}"
EndProject
Project("{FAE04EC0-301F-11D3-BF4B-00C04F79EFBC}") = "AdquisicionFFT", "..\AdquisicionFFT\AdquisicionFFT.csproj", "{FA7E5F58-E03F-42A3-90FE-8C0ECB389274}"
EndProject
Global
	GlobalSection(SolutionConfigurationPlatforms) = preSolution
		Debug|Any CPU = Debug|Any CPU
		Release|Any CPU = Release|Any CPU
	EndGlobalSection
	GlobalSection(ProjectConfigurationPlatforms) = postSolution
		{6CA6B155-C66B-431B-8DEE-C9E5135A104B}.Debug|Any CPU.ActiveCfg = Debug|Any CPU
		{6CA6B155-C66B-431B-8DEE-C9E5135A104B}.Debug|Any CPU.Build.0 = Debug|Any CPU
		{6CA6B155-C66B-431B-8DEE-C9E5135A104B}.Release|Any CPU.ActiveCfg = Release|Any CPU
		{6CA6B155-C66B-431B-8DEE-C9E5135A104B}.Release|Any CPU.Build.0 = Release|Any CPU
		{7A6F5C0C-BA55-4798-AA6B-A84E508FE75E}.Debug|Any CPU.ActiveCfg = Debug|Any CPU
		{7A6F5C0C-BA55-4798-AA6B-A84E508FE75E}.Debug|Any CPU.Build.0 = Debug|Any CPU
		{7A6F5C0C-BA55-4798-AA6B-A84E508FE75E}.Release|Any CPU.ActiveCfg = Release|Any CPU
		{7A6F5C0C-BA55-4798-AA6B-A84E508FE75E}.Release|Any CPU.Build.0 = Release|Any CPU
		{FA7E5F58-E03F-42A3-90FE-8C0ECB389274}.Debug|Any CPU.ActiveCfg = Debug|Any CPU
		{FA7E5F58-E03F-42A3-90FE-8C0ECB389274}.Debug|Any CPU.Build.0 = Debug|Any CPU
		{FA7E5F58-E03F-42A3-90FE-8C0ECB389274}.Release|Any CPU.ActiveCfg = Release|Any CPU
		{FA7E5F58-E03F-42A3-90FE-8C0ECB389274}.Release|Any CPU.Build.0 = Release|Any CPU
	EndGlobalSection
	GlobalSection(SolutionProperties) = preSolution
		HideSolutionNode = FALSE
	EndGlobalSection
	GlobalSection(ExtensibilityGlobals) = postSolution
		SolutionGuid = {DFFF92A3-7EF2-4888-B135-8B2C7B7365A2}
	EndGlobalSection
EndGlobal
